{
  "name": "durable-mcp-client-harness-probe",
  "lockfileVersion": 3,
  "requires": true,
  "packages": {
    "": {
      "name": "durable-mcp-client-harness-probe",
      "dependencies": {
        "@deepseek-ai/cordis": "4.0.4",
        "@deepseek-ai/dsh-agent": "0.2.0-rc.1",
        "@deepseek-ai/dsh-agent-loop": "0.2.0-rc.1",
        "@deepseek-ai/dsh-llm": "0.2.0-rc.1",
        "@deepseek-ai/dsh-mcp-client": "0.2.0-rc.1",
        "@deepseek-ai/dsh-session": "0.2.0-rc.1",
        "@deepseek-ai/dsh-session-persistence-jsonl": "0.2.0-rc.1",
        "@deepseek-ai/dsh-session-projection": "0.2.0-rc.1",
        "@deepseek-ai/dsh-system-prompt": "0.2.0-rc.1",
        "@deepseek-ai/dsh-tools": "0.2.0-rc.1"
      }
    },
    "node_modules/@deepseek-ai/cordis": {
      "version": "4.0.4",
      "resolved": "https://registry.npmjs.org/@deepseek-ai/cordis/-/cordis-4.0.4.tgz",
      "integrity": "sha512-obgyxqWAmFn3Re8kvsuUnyW+ihrz6eJCnJO4fh1cQzDtmPYz/zzVeUkH9R94I0OwSVOocK67Kgakm04j/oQXzg==",
      "license": "MIT",
      "dependencies": {
        "@deepseek-ai/cosmokit": "~1.8.5",
        "@standard-schema/spec": "^1.1.0"
      },
      "bin": {
        "cordis": "bin.js"
      },
      "peerDependencies": {
        "@deepseek-ai/cordis-plugin-include": "~1.0.9",
        "@deepseek-ai/cordis-plugin-loader": "~1.0.5"
      },
      "peerDependenciesMeta": {
        "@deepseek-ai/cordis-plugin-include": {
          "optional": true
        },
        "@deepseek-ai/cordis-plugin-loader": {
          "optional": true
        }
      }
    },
    "node_modules/@deepseek-ai/cosmokit": {
      "version": "1.8.5",
      "resolved": "https://registry.npmjs.org/@deepseek-ai/cosmokit/-/cosmokit-1.8.5.tgz",
      "integrity": "sha512-LXsrlem9z8dq4sLflj2yuCuYX7KqhdzF5hZly3eZyuTo8d6oDSOXuEgC5DbQWKW+lksm6zmOutQLsP/ma6wR6A==",
      "license": "MIT"
    },
    "node_modules/@deepseek-ai/dsh-agent": {
      "version": "0.2.0-rc.1",
      "resolved": "https://registry.npmjs.org/@deepseek-ai/dsh-agent/-/dsh-agent-0.2.0-rc.1.tgz",
      "integrity": "sha512-PQ4Qtu7QiI6j2n730p8RJ+u4l7ywwhVJ4NeIe/Tj86hBYYZNvNT8iMhViECn+GSepAk7GmM/1eb7e7hvmYhsKA==",
      "license": "MIT",
      "peerDependencies": {
        "@deepseek-ai/cordis": "~4.0.4",
        "@deepseek-ai/dsh-invariants": "0.2.0-rc.1",
        "@deepseek-ai/dsh-llm": "0.2.0-rc.1",
        "@deepseek-ai/dsh-scope": "0.2.0-rc.1",
        "@deepseek-ai/dsh-session": "0.2.0-rc.1",
        "@deepseek-ai/dsh-session-projection": "0.2.0-rc.1",
        "@deepseek-ai/dsh-system-prompt": "0.2.0-rc.1",
        "@deepseek-ai/dsh-typert-protocol": "0.2.0-rc.1",
        "@deepseek-ai/dsh-util-values": "0.2.0-rc.1",
        "@deepseek-ai/dsh-workspace": "0.2.0-rc.1"
      },
      "peerDependenciesMeta": {
        "@deepseek-ai/dsh-workspace": {
          "optional": true
        }
      }
    },
    "node_modules/@deepseek-ai/dsh-agent-loop": {
      "version": "0.2.0-rc.1",
      "resolved": "https://registry.npmjs.org/@deepseek-ai/dsh-agent-loop/-/dsh-agent-loop-0.2.0-rc.1.tgz",
      "integrity": "sha512-01JWFfTcne/44tqfGLAOH0KkMicq6VVFBV1YjQbO9vj6Q0SmcHsPObm11fP0opEZIqEmdUN5wwS6LAzCjViDlg==",
      "license": "MIT",
      "dependencies": {
        "@deepseek-ai/dsh-brand": "0.2.0-rc.1",
        "@deepseek-ai/dsh-util-values": "0.2.0-rc.1",
        "@deepseek-ai/schemastery": "~3.18.4",
        "zod": "^4.4.3"
      },
      "peerDependencies": {
        "@deepseek-ai/cordis": "~4.0.4",
        "@deepseek-ai/dsh-agent": "0.2.0-rc.1",
        "@deepseek-ai/dsh-invariants": "0.2.0-rc.1",
        "@deepseek-ai/dsh-llm": "0.2.0-rc.1",
        "@deepseek-ai/dsh-scope": "0.2.0-rc.1",
        "@deepseek-ai/dsh-session": "0.2.0-rc.1",
        "@deepseek-ai/dsh-session-persistence": "0.2.0-rc.1",
        "@deepseek-ai/dsh-session-projection": "0.2.0-rc.1",
        "@deepseek-ai/dsh-system-prompt": "0.2.0-rc.1",
        "@deepseek-ai/dsh-tools": "0.2.0-rc.1"
      }
    },
    "node_modules/@deepseek-ai/dsh-attachment": {
      "version": "0.2.0-rc.1",
      "resolved": "https://registry.npmjs.org/@deepseek-ai/dsh-attachment/-/dsh-attachment-0.2.0-rc.1.tgz",
      "integrity": "sha512-aKKFE9fGYYn1BCzDtun7IYkpiMANYt7s51vwPukkCnobNiLfxHrIyANLWNmMTSpq0iENfqREXPR805K/um8Hfw==",
      "license": "MIT",
      "peer": true,
      "peerDependencies": {
        "@deepseek-ai/cordis": "~4.0.4",
        "@deepseek-ai/dsh-brand": "0.2.0-rc.1"
      }
    },
    "node_modules/@deepseek-ai/dsh-brand": {
      "version": "0.2.0-rc.1",
      "resolved": "https://registry.npmjs.org/@deepseek-ai/dsh-brand/-/dsh-brand-0.2.0-rc.1.tgz",
      "integrity": "sha512-TPeMaUt/Xev0X2TfIf6pSVVGiWAbFHy+VWCIW+w8UkC0yH1ep9302JQOBqhUgefAM4s/3W1R8lra/PMbFhjx2w==",
      "license": "MIT",
      "peerDependencies": {
        "@deepseek-ai/cordis": "~4.0.4"
      }
    },
    "node_modules/@deepseek-ai/dsh-commands": {
      "version": "0.2.0-rc.1",
      "resolved": "https://registry.npmjs.org/@deepseek-ai/dsh-commands/-/dsh-commands-0.2.0-rc.1.tgz",
      "integrity": "sha512-VZOWNwjBDBkX3kXVJcD24oAoKeGRpLnHZjRiPm0gq41ZClCYy9CzNnFdl6IVtJHfG+bz9/HDnONilpiRwBg2lQ==",
      "license": "MIT",
      "peer": true,
      "dependencies": {
        "@deepseek-ai/dsh-util-crypto": "0.2.0-rc.1",
        "zod": "^4.4.3"
      },
      "peerDependencies": {
        "@deepseek-ai/cordis": "~4.0.4",
        "@deepseek-ai/dsh-agent": "0.2.0-rc.1",
        "@deepseek-ai/dsh-attachment": "0.2.0-rc.1",
        "@deepseek-ai/dsh-brand": "0.2.0-rc.1",
        "@deepseek-ai/dsh-invariants": "0.2.0-rc.1",
        "@deepseek-ai/dsh-llm": "0.2.0-rc.1",
        "@deepseek-ai/dsh-scope": "0.2.0-rc.1",
        "@deepseek-ai/dsh-session": "0.2.0-rc.1",
        "@deepseek-ai/dsh-typert-protocol": "0.2.0-rc.1"
      }
    },
    "node_modules/@deepseek-ai/dsh-compaction": {
      "version": "0.2.0-rc.1",
      "resolved": "https://registry.npmjs.org/@deepseek-ai/dsh-compaction/-/dsh-compaction-0.2.0-rc.1.tgz",
      "integrity": "sha512-xtyT0MW45DIseej9fJ4HmkUlRK02IY0vC8AWPZ7ORQqaEHMV4lqX/mhTRFA937NOuOeLdLF/DKH5E4bpUeeshQ==",
      "license": "MIT",
      "peer": true,
      "peerDependencies": {
        "@deepseek-ai/cordis": "~4.0.4",
        "@deepseek-ai/dsh-brand": "0.2.0-rc.1",
        "@deepseek-ai/dsh-commands": "0.2.0-rc.1",
        "@deepseek-ai/dsh-invariants": "0.2.0-rc.1",
        "@deepseek-ai/dsh-llm": "0.2.0-rc.1",
        "@deepseek-ai/dsh-session": "0.2.0-rc.1"
      }
    },
    "node_modules/@deepseek-ai/dsh-compaction-image-offload": {
      "version": "0.2.0-rc.1",
      "resolved": "https://registry.npmjs.org/@deepseek-ai/dsh-compaction-image-offload/-/dsh-compaction-image-offload-0.2.0-rc.1.tgz",
      "integrity": "sha512-GM+Wk7dROfMllrm0gqbYpZY8MCef+Y+tK+vSLP426hd/hNRpSSOcPB72ZNfu05hZF+IUCkNSCF7x0gTAGtm7NQ==",
      "license": "MIT",
      "dependencies": {
        "@deepseek-ai/dsh-util-values": "0.2.0-rc.1"
      },
      "peerDependencies": {
        "@deepseek-ai/cordis": "~4.0.4",
        "@deepseek-ai/dsh-agent": "0.2.0-rc.1",
        "@deepseek-ai/dsh-compaction": "0.2.0-rc.1",
        "@deepseek-ai/dsh-llm": "0.2.0-rc.1",
        "@deepseek-ai/dsh-session": "0.2.0-rc.1"
      }
    },
    "node_modules/@deepseek-ai/dsh-http-proxy": {
      "version": "0.2.0-rc.1",
      "resolved": "https://registry.npmjs.org/@deepseek-ai/dsh-http-proxy/-/dsh-http-proxy-0.2.0-rc.1.tgz",
      "integrity": "sha512-C+0eloM7v1Ob0nNSKJ+ilU2uMIX8FOxE4t31Mdpf8TXXxGAVbjzu6P1Icn0WnjOXL+wAPuEXBrt9qhKPB6NPRQ==",
      "license": "MIT",
      "peer": true,
      "dependencies": {
        "undici": "^8.10.0"
      },
      "peerDependencies": {
        "@deepseek-ai/cordis": "~4.0.4"
      }
    },
    "node_modules/@deepseek-ai/dsh-invariants": {
      "version": "0.2.0-rc.1",
      "resolved": "https://registry.npmjs.org/@deepseek-ai/dsh-invariants/-/dsh-invariants-0.2.0-rc.1.tgz",
      "integrity": "sha512-sEeO6sRPGxgHChQsiU/V3LvelbVaLt7kb4WHVQqljZGgoAv3VZK0rzSlQaGfTCYJrThcoJ/a9mCT9pcZEZ3aDg==",
      "license": "MIT",
      "peer": true,
      "dependencies": {
        "@deepseek-ai/schemastery": "~3.18.4"
      },
      "peerDependencies": {
        "@deepseek-ai/cordis": "~4.0.4"
      }
    },
    "node_modules/@deepseek-ai/dsh-llm": {
      "version": "0.2.0-rc.1",
      "resolved": "https://registry.npmjs.org/@deepseek-ai/dsh-llm/-/dsh-llm-0.2.0-rc.1.tgz",
      "integrity": "sha512-F5ZlBG8z8o5PfEWeEF/PN9t/A1N/oEErvqmpqE4J8f9mJR85DvBdV+rjDs7OjAbMJsJ8INjkbroruG5NNKDg5A==",
      "license": "MIT",
      "dependencies": {
        "@deepseek-ai/dsh-brand": "0.2.0-rc.1",
        "@deepseek-ai/dsh-timeout": "0.2.0-rc.1",
        "@deepseek-ai/dsh-typert-protocol": "0.2.0-rc.1",
        "@deepseek-ai/dsh-util-crypto": "0.2.0-rc.1",
        "@deepseek-ai/dsh-util-values": "0.2.0-rc.1",
        "@deepseek-ai/schemastery": "~3.18.4",
        "zod": "^4.4.3"
      },
      "peerDependencies": {
        "@deepseek-ai/cordis": "~4.0.4"
      }
    },
    "node_modules/@deepseek-ai/dsh-mcp-client": {
      "version": "0.2.0-rc.1",
      "resolved": "https://registry.npmjs.org/@deepseek-ai/dsh-mcp-client/-/dsh-mcp-client-0.2.0-rc.1.tgz",
      "integrity": "sha512-/yiHuyxFbGAvYAyDc/eaE2eK/dywHeGAWT5+FyyuA0YBsc+mC0/cHj8+xv+lYRCaqYBPZoblbZf0tbnQi5/OWQ==",
      "license": "MIT",
      "dependencies": {
        "@deepseek-ai/dsh-util-values": "0.2.0-rc.1",
        "@deepseek-ai/schemastery": "~3.18.4",
        "@modelcontextprotocol/client": "2.0.0"
      },
      "peerDependencies": {
        "@deepseek-ai/cordis": "~4.0.4",
        "@deepseek-ai/dsh-attachment": "0.2.0-rc.1",
        "@deepseek-ai/dsh-llm": "0.2.0-rc.1",
        "@deepseek-ai/dsh-mcp-resources": "0.2.0-rc.1",
        "@deepseek-ai/dsh-scope": "0.2.0-rc.1",
        "@deepseek-ai/dsh-subprocess": "0.2.0-rc.1",
        "@deepseek-ai/dsh-system-prompt": "0.2.0-rc.1",
        "@deepseek-ai/dsh-timeout": "0.2.0-rc.1",
        "@deepseek-ai/dsh-tools": "0.2.0-rc.1"
      },
      "peerDependenciesMeta": {
        "@deepseek-ai/dsh-mcp-resources": {
          "optional": true
        },
        "@deepseek-ai/dsh-system-prompt": {
          "optional": true
        }
      }
    },
    "node_modules/@deepseek-ai/dsh-ptc-runtime": {
      "version": "0.2.0-rc.1",
      "resolved": "https://registry.npmjs.org/@deepseek-ai/dsh-ptc-runtime/-/dsh-ptc-runtime-0.2.0-rc.1.tgz",
      "integrity": "sha512-bz4ObfDeRZyBCejUMrSiDKpIffCImGafgktIWqTEAqNCprVWLRUHT+rHGFPcxHJRBsvxFQLlXHkYc/ccfqIB4A==",
      "license": "MIT",
      "peer": true,
      "peerDependencies": {
        "@deepseek-ai/cordis": "~4.0.4",
        "@deepseek-ai/dsh-sandbox": "0.2.0-rc.1"
      }
    },
    "node_modules/@deepseek-ai/dsh-sandbox": {
      "version": "0.2.0-rc.1",
      "resolved": "https://registry.npmjs.org/@deepseek-ai/dsh-sandbox/-/dsh-sandbox-0.2.0-rc.1.tgz",
      "integrity": "sha512-NnEHqSf4SKoM5cIqtHg+utLUZYJX4r9u2PwQbEpYwiOYSvOW5G4DRtLRpIX7J6V2HOC6CXo2Xcm3DJBOsbKYOA==",
      "license": "MIT",
      "peer": true,
      "dependencies": {
        "@deepseek-ai/dsh-util-values": "0.2.0-rc.1"
      },
      "peerDependencies": {
        "@deepseek-ai/cordis": "~4.0.4",
        "@deepseek-ai/dsh-llm": "0.2.0-rc.1",
        "@deepseek-ai/dsh-session": "0.2.0-rc.1"
      }
    },
    "node_modules/@deepseek-ai/dsh-sandbox-policy": {
      "version": "0.2.0-rc.1",
      "resolved": "https://registry.npmjs.org/@deepseek-ai/dsh-sandbox-policy/-/dsh-sandbox-policy-0.2.0-rc.1.tgz",
      "integrity": "sha512-O850xvmnU+Bxpq7F7d0QjiFm3Y581GwFxfvBvLohzyAC81M6iXGBrbxt4EcX/CUPJEIHB0KSOUrX9/3xQulNZw==",
      "license": "MIT",
      "peer": true,
      "dependencies": {
        "@deepseek-ai/schemastery": "~3.18.4",
        "zod": "^4.4.3"
      },
      "peerDependencies": {
        "@deepseek-ai/cordis": "~4.0.4",
        "@deepseek-ai/dsh-agent": "0.2.0-rc.1",
        "@deepseek-ai/dsh-invariants": "0.2.0-rc.1",
        "@deepseek-ai/dsh-sandbox": "0.2.0-rc.1",
        "@deepseek-ai/dsh-session": "0.2.0-rc.1",
        "@deepseek-ai/dsh-session-projection": "0.2.0-rc.1",
        "@deepseek-ai/dsh-system-prompt": "0.2.0-rc.1"
      }
    },
    "node_modules/@deepseek-ai/dsh-scope": {
      "version": "0.2.0-rc.1",
      "resolved": "https://registry.npmjs.org/@deepseek-ai/dsh-scope/-/dsh-scope-0.2.0-rc.1.tgz",
      "integrity": "sha512-D1JeWIz40A62/nJIi7HwLsddmuDwdcxV9Lbx5IgBveWDZHGqPIP0/CPJ4o6XWr+C1qI/GBtdMkN2Z3F20Rlt7w==",
      "license": "MIT",
      "peer": true,
      "peerDependencies": {
        "@deepseek-ai/cordis": "~4.0.4",
        "@deepseek-ai/dsh-invariants": "0.2.0-rc.1"
      }
    },
    "node_modules/@deepseek-ai/dsh-session": {
      "version": "0.2.0-rc.1",
      "resolved": "https://registry.npmjs.org/@deepseek-ai/dsh-session/-/dsh-session-0.2.0-rc.1.tgz",
      "integrity": "sha512-KUDCUk8kmiJCwvV3gDbkUSpkyoGHdg36nIhKsEh6iBoYDuIQCuvX2htiVRXCm099XZO6rCBVInmm1193UoPYcA==",
      "license": "MIT",
      "dependencies": {
        "@deepseek-ai/dsh-brand": "0.2.0-rc.1",
        "@deepseek-ai/dsh-llm": "0.2.0-rc.1",
        "@deepseek-ai/dsh-util-values": "0.2.0-rc.1"
      },
      "peerDependencies": {
        "@deepseek-ai/cordis": "~4.0.4",
        "@deepseek-ai/dsh-scope": "0.2.0-rc.1"
      }
    },
    "node_modules/@deepseek-ai/dsh-session-format": {
      "version": "0.2.0-rc.1",
      "resolved": "https://registry.npmjs.org/@deepseek-ai/dsh-session-format/-/dsh-session-format-0.2.0-rc.1.tgz",
      "integrity": "sha512-j2m+3FQeFPW9fgzRktL8E6J2UegpWPcc7nSFP+Ir7fdKYD5xDukcbdYDzzairbqQedntb0QMcp78rBQeJOmoYA==",
      "license": "MIT",
      "dependencies": {
        "@deepseek-ai/dsh-util-values": "0.2.0-rc.1"
      },
      "peerDependencies": {
        "@deepseek-ai/cordis": "~4.0.4"
      }
    },
    "node_modules/@deepseek-ai/dsh-session-format-catalog": {
      "version": "0.2.0-rc.1",
      "resolved": "https://registry.npmjs.org/@deepseek-ai/dsh-session-format-catalog/-/dsh-session-format-catalog-0.2.0-rc.1.tgz",
      "integrity": "sha512-Kacc7D3at1ifPlPbFD3t463/m+jg0RdERnuTWH1omv0hjT5ZkX/xM0TS37bhlyhLJdI+1TOqm9Jy3BpR15yR0Q==",
      "license": "MIT",
      "dependencies": {
        "@deepseek-ai/dsh-compaction-image-offload": "0.2.0-rc.1",
        "@deepseek-ai/dsh-session-format": "0.2.0-rc.1",
        "@deepseek-ai/dsh-session-format-v0-to-v1": "0.2.0-rc.1",
        "@deepseek-ai/dsh-session-format-v1-to-v2": "0.2.0-rc.1",
        "@deepseek-ai/dsh-session-format-v2-to-v3": "0.2.0-rc.1",
        "@deepseek-ai/dsh-session-format-v3-to-v4": "0.2.0-rc.1"
      },
      "peerDependencies": {
        "@deepseek-ai/cordis": "~4.0.4",
        "@deepseek-ai/dsh-session": "0.2.0-rc.1"
      }
    },
    "node_modules/@deepseek-ai/dsh-session-format-v0-to-v1": {
      "version": "0.2.0-rc.1",
      "resolved": "https://registry.npmjs.org/@deepseek-ai/dsh-session-format-v0-to-v1/-/dsh-session-format-v0-to-v1-0.2.0-rc.1.tgz",
      "integrity": "sha512-bBf8YJKpolltz2vn03+mbT5IZ3mrAeN1GjgVQ5FwhU5ITWLV6jQqvtN7DWEWjTwKVVmUpl2XkmRcGBib+PH16Q==",
      "license": "MIT",
      "dependencies": {
        "@deepseek-ai/dsh-session-format": "0.2.0-rc.1",
        "@deepseek-ai/dsh-util-values": "0.2.0-rc.1"
      },
      "peerDependencies": {
        "@deepseek-ai/cordis": "~4.0.4"
      }
    },
    "node_modules/@deepseek-ai/dsh-session-format-v1-to-v2": {
      "version": "0.2.0-rc.1",
      "resolved": "https://registry.npmjs.org/@deepseek-ai/dsh-session-format-v1-to-v2/-/dsh-session-format-v1-to-v2-0.2.0-rc.1.tgz",
      "integrity": "sha512-YXqkqnTqMUKUgdSZT4GXCEwWvfSZv7TEIG+wfYxtJBWQlzfuCf7iHjNIWVNBslQdxl0VxbaFThbwZUtBa3f2Tg==",
      "license": "MIT",
      "dependencies": {
        "@deepseek-ai/dsh-llm": "0.2.0-rc.1",
        "@deepseek-ai/dsh-session-format": "0.2.0-rc.1",
        "@deepseek-ai/dsh-session-format-v0-to-v1": "0.2.0-rc.1",
        "@deepseek-ai/dsh-util-values": "0.2.0-rc.1"
      },
      "peerDependencies": {
        "@deepseek-ai/cordis": "~4.0.4"
      }
    },
    "node_modules/@deepseek-ai/dsh-session-format-v2-to-v3": {
      "version": "0.2.0-rc.1",
      "resolved": "https://registry.npmjs.org/@deepseek-ai/dsh-session-format-v2-to-v3/-/dsh-session-format-v2-to-v3-0.2.0-rc.1.tgz",
      "integrity": "sha512-f7QapRRmMstuTYVVORYWgZn2gngw8Vu/ls5iBYfyb+15FbgwYr8bIOKNMGQ660dg4PHsxzWprsTbsxBAe9QDNw==",
      "license": "MIT",
      "dependencies": {
        "@deepseek-ai/dsh-session-format": "0.2.0-rc.1",
        "@deepseek-ai/dsh-session-format-v0-to-v1": "0.2.0-rc.1",
        "@deepseek-ai/dsh-session-format-v1-to-v2": "0.2.0-rc.1"
      },
      "peerDependencies": {
        "@deepseek-ai/cordis": "~4.0.4"
      }
    },
    "node_modules/@deepseek-ai/dsh-session-format-v3-to-v4": {
      "version": "0.2.0-rc.1",
      "resolved": "https://registry.npmjs.org/@deepseek-ai/dsh-session-format-v3-to-v4/-/dsh-session-format-v3-to-v4-0.2.0-rc.1.tgz",
      "integrity": "sha512-vnplfHQOqTXpe7EMN/0h0VZyBS10+kzzjm5x/X01iu5lynbOQs2jRdi4Lrzp9fgnAUEJYaESZZLlWKY40arLCw==",
      "license": "MIT",
      "dependencies": {
        "@deepseek-ai/dsh-session-format": "0.2.0-rc.1",
        "@deepseek-ai/dsh-session-format-v2-to-v3": "0.2.0-rc.1"
      },
      "peerDependencies": {
        "@deepseek-ai/cordis": "~4.0.4"
      }
    },
    "node_modules/@deepseek-ai/dsh-session-persistence": {
      "version": "0.2.0-rc.1",
      "resolved": "https://registry.npmjs.org/@deepseek-ai/dsh-session-persistence/-/dsh-session-persistence-0.2.0-rc.1.tgz",
      "integrity": "sha512-OAHmDpR3LasgEXzpmGyajlgcG5tOEzlUSclovllLtKaY402hcTn6Vm7W/EzRMwc+jvSfEQyXDY1g7wG3t3Ch+g==",
      "license": "MIT",
      "peer": true,
      "dependencies": {
        "@deepseek-ai/dsh-util-values": "0.2.0-rc.1"
      },
      "peerDependencies": {
        "@deepseek-ai/cordis": "~4.0.4",
        "@deepseek-ai/dsh-brand": "0.2.0-rc.1",
        "@deepseek-ai/dsh-session": "0.2.0-rc.1",
        "@deepseek-ai/dsh-timeout": "0.2.0-rc.1"
      }
    },
    "node_modules/@deepseek-ai/dsh-session-persistence-jsonl": {
      "version": "0.2.0-rc.1",
      "resolved": "https://registry.npmjs.org/@deepseek-ai/dsh-session-persistence-jsonl/-/dsh-session-persistence-jsonl-0.2.0-rc.1.tgz",
      "integrity": "sha512-16hp5zx1Q1SIVJfQI/hrxASHMkE/r+pHeELn1b/GZCpKwCD1nwiQapqHhgq/+WEb9SRvRpWAxE5dQWEscZghEw==",
      "license": "MIT",
      "dependencies": {
        "@deepseek-ai/dsh-llm": "0.2.0-rc.1",
        "@deepseek-ai/dsh-session-format": "0.2.0-rc.1",
        "@deepseek-ai/dsh-session-format-catalog": "0.2.0-rc.1",
        "@deepseek-ai/dsh-session-format-v3-to-v4": "0.2.0-rc.1",
        "@deepseek-ai/node-addon-system": "~0.1.2",
        "@deepseek-ai/schemastery": "~3.18.4",
        "koffi": "3.1.1"
      },
      "peerDependencies": {
        "@deepseek-ai/cordis": "~4.0.4",
        "@deepseek-ai/dsh-session": "0.2.0-rc.1",
        "@deepseek-ai/dsh-session-persistence": "0.2.0-rc.1"
      }
    },
    "node_modules/@deepseek-ai/dsh-session-projection": {
      "version": "0.2.0-rc.1",
      "resolved": "https://registry.npmjs.org/@deepseek-ai/dsh-session-projection/-/dsh-session-projection-0.2.0-rc.1.tgz",
      "integrity": "sha512-6ymxQyycjXlxayjgVfxAsQv8POk3oKny/mrpxPcz30/Sv8FRsWnEnKaWf1pQvlBsGQcN6atOqXWsNyvHSyT/zw==",
      "license": "MIT",
      "dependencies": {
        "zod": "^4.4.3"
      },
      "peerDependencies": {
        "@deepseek-ai/cordis": "~4.0.4",
        "@deepseek-ai/dsh-session": "0.2.0-rc.1"
      }
    },
    "node_modules/@deepseek-ai/dsh-subprocess": {
      "version": "0.2.0-rc.1",
      "resolved": "https://registry.npmjs.org/@deepseek-ai/dsh-subprocess/-/dsh-subprocess-0.2.0-rc.1.tgz",
      "integrity": "sha512-nqrYK8+qA4133YR71PCuEUCinCT+CHQZoNlYhTBRiG7sybQLLkgu+/Dpqrcio3+2htRCnvriTw0RzY/2J6msOQ==",
      "license": "MIT",
      "peer": true,
      "peerDependencies": {
        "@deepseek-ai/cordis": "~4.0.4",
        "@deepseek-ai/dsh-http-proxy": "0.2.0-rc.1"
      }
    },
    "node_modules/@deepseek-ai/dsh-system-prompt": {
      "version": "0.2.0-rc.1",
      "resolved": "https://registry.npmjs.org/@deepseek-ai/dsh-system-prompt/-/dsh-system-prompt-0.2.0-rc.1.tgz",
      "integrity": "sha512-AZC0HBWaiopkVcJXh/WEzyyF19+/yBPnbuLrZoD7h+UJYF8iG8tlDabauWfMw+dvgoYe9hIiTV2EcFRv4AgJhw==",
      "license": "MIT",
      "dependencies": {
        "@deepseek-ai/schemastery": "~3.18.4"
      },
      "peerDependencies": {
        "@deepseek-ai/cordis": "~4.0.4",
        "@deepseek-ai/dsh-invariants": "0.2.0-rc.1",
        "@deepseek-ai/dsh-llm": "0.2.0-rc.1",
        "@deepseek-ai/dsh-scope": "0.2.0-rc.1"
      }
    },
    "node_modules/@deepseek-ai/dsh-timeout": {
      "version": "0.2.0-rc.1",
      "resolved": "https://registry.npmjs.org/@deepseek-ai/dsh-timeout/-/dsh-timeout-0.2.0-rc.1.tgz",
      "integrity": "sha512-SQpvDLIPU0EJP1lbphfuEkLrvnX+CE9u9ym1+L5z/8dYe9BCPbhgjQoRvDnyzKZqFyoXVvZFdqdAADlc6DX7Ig==",
      "license": "MIT",
      "peerDependencies": {
        "@deepseek-ai/cordis": "~4.0.4"
      }
    },
    "node_modules/@deepseek-ai/dsh-tools": {
      "version": "0.2.0-rc.1",
      "resolved": "https://registry.npmjs.org/@deepseek-ai/dsh-tools/-/dsh-tools-0.2.0-rc.1.tgz",
      "integrity": "sha512-HmXY+X4HBoeuGBJWkS+q91GEGK61XgNc3qCXT+QqI+nzCcg1VOIwWvjgOnr1c76x5HKPyxR7FF3PMMq3+hO7oQ==",
      "license": "MIT",
      "dependencies": {
        "@deepseek-ai/dsh-brand": "0.2.0-rc.1",
        "@deepseek-ai/dsh-util-values": "0.2.0-rc.1",
        "@deepseek-ai/schemastery": "~3.18.4"
      },
      "peerDependencies": {
        "@deepseek-ai/cordis": "~4.0.4",
        "@deepseek-ai/dsh-agent": "0.2.0-rc.1",
        "@deepseek-ai/dsh-invariants": "0.2.0-rc.1",
        "@deepseek-ai/dsh-llm": "0.2.0-rc.1",
        "@deepseek-ai/dsh-ptc-runtime": "0.2.0-rc.1",
        "@deepseek-ai/dsh-sandbox": "0.2.0-rc.1",
        "@deepseek-ai/dsh-sandbox-policy": "0.2.0-rc.1",
        "@deepseek-ai/dsh-scope": "0.2.0-rc.1",
        "@deepseek-ai/dsh-session": "0.2.0-rc.1",
        "@deepseek-ai/dsh-system-prompt": "0.2.0-rc.1",
        "@deepseek-ai/dsh-user-approval": "0.2.0-rc.1"
      }
    },
    "node_modules/@deepseek-ai/dsh-typert-protocol": {
      "version": "0.2.0-rc.1",
      "resolved": "https://registry.npmjs.org/@deepseek-ai/dsh-typert-protocol/-/dsh-typert-protocol-0.2.0-rc.1.tgz",
      "integrity": "sha512-MhpeimGP6E3MqSESLm32OmPgx5aNUG7yCJCgcIFw7XBWhQmKB9fU3CWuUxxbWZeC7eWkdJ93AG2ww/Qu6QWW9A==",
      "license": "MIT",
      "dependencies": {
        "@deepseek-ai/dsh-brand": "0.2.0-rc.1"
      },
      "peerDependencies": {
        "@deepseek-ai/cordis": "~4.0.4"
      }
    },
    "node_modules/@deepseek-ai/dsh-user-approval": {
      "version": "0.2.0-rc.1",
      "resolved": "https://registry.npmjs.org/@deepseek-ai/dsh-user-approval/-/dsh-user-approval-0.2.0-rc.1.tgz",
      "integrity": "sha512-0d2sFESHYhnnwuIPDw7sNImFE+HWU6kbX9cWZSPntMXLMhr8lgJFmtZFmrZwobQO7lhpEZKcvX8Jhzmc3OCdWQ==",
      "license": "MIT",
      "peer": true,
      "dependencies": {
        "@deepseek-ai/schemastery": "~3.18.4"
      },
      "peerDependencies": {
        "@deepseek-ai/cordis": "~4.0.4",
        "@deepseek-ai/dsh-agent": "0.2.0-rc.1",
        "@deepseek-ai/dsh-brand": "0.2.0-rc.1",
        "@deepseek-ai/dsh-invariants": "0.2.0-rc.1",
        "@deepseek-ai/dsh-llm": "0.2.0-rc.1",
        "@deepseek-ai/dsh-scope": "0.2.0-rc.1",
        "@deepseek-ai/dsh-session": "0.2.0-rc.1",
        "@deepseek-ai/dsh-system-prompt": "0.2.0-rc.1"
      }
    },
    "node_modules/@deepseek-ai/dsh-util-crypto": {
      "version": "0.2.0-rc.1",
      "resolved": "https://registry.npmjs.org/@deepseek-ai/dsh-util-crypto/-/dsh-util-crypto-0.2.0-rc.1.tgz",
      "integrity": "sha512-BLBQVRGBlzhNprSpREiMDi1JwX0X8jKdEPWiVRKBnttlG9d33j1pLsaiH9HHLY/D10lXX/NagGia/Zz9mW4FBA==",
      "license": "MIT",
      "peerDependencies": {
        "@deepseek-ai/cordis": "~4.0.4"
      }
    },
    "node_modules/@deepseek-ai/dsh-util-values": {
      "version": "0.2.0-rc.1",
      "resolved": "https://registry.npmjs.org/@deepseek-ai/dsh-util-values/-/dsh-util-values-0.2.0-rc.1.tgz",
      "integrity": "sha512-Eh1HH0LFvztBwU2xotdfW5oCwLlWGjK2ygCC5+PnC3tkSDh9gvVQpEf0ezK+Kk6vpLz117V7VPehhR1+gs90+Q==",
      "license": "MIT",
      "peerDependencies": {
        "@deepseek-ai/cordis": "~4.0.4"
      }
    },
    "node_modules/@deepseek-ai/node-addon-system": {
      "version": "0.1.2",
      "resolved": "https://registry.npmjs.org/@deepseek-ai/node-addon-system/-/node-addon-system-0.1.2.tgz",
      "integrity": "sha512-EFn8K+mXIXiw6s3rxX+cgp2hZTEAQdVIsURhrXnBxycSXvtQ1EQpsSVzoNKtKAQI0I0VqkEcVEjHzS/PeaGsvw==",
      "license": "BSD-3-Clause",
      "engines": {
        "node": ">=20"
      },
      "optionalDependencies": {
        "@deepseek-ai/node-addon-system-darwin-arm64": "0.1.2",
        "@deepseek-ai/node-addon-system-darwin-x64": "0.1.2",
        "@deepseek-ai/node-addon-system-linux-arm64": "0.1.2",
        "@deepseek-ai/node-addon-system-linux-x64": "0.1.2"
      }
    },
    "node_modules/@deepseek-ai/node-addon-system-darwin-arm64": {
      "version": "0.1.2",
      "resolved": "https://registry.npmjs.org/@deepseek-ai/node-addon-system-darwin-arm64/-/node-addon-system-darwin-arm64-0.1.2.tgz",
      "integrity": "sha512-IR0cx8um19mLCZaJ+H5PLblKr6Eg3PWvVo8eTQBr/SwH2nh5tM9CD9/5fHweNS9Pjt15UdFlGqnvLSd/w+O6Rw==",
      "cpu": [
        "arm64"
      ],
      "license": "BSD-3-Clause",
      "optional": true,
      "os": [
        "darwin"
      ],
      "engines": {
        "node": ">=20"
      }
    },
    "node_modules/@deepseek-ai/node-addon-system-darwin-x64": {
      "version": "0.1.2",
      "resolved": "https://registry.npmjs.org/@deepseek-ai/node-addon-system-darwin-x64/-/node-addon-system-darwin-x64-0.1.2.tgz",
      "integrity": "sha512-XDbmquNapk9aT28y4EKn9lbONVr9YNs1NM/GKH1Gi5gUhjOT9wgRaTv72FJdNaVIInbPAYbPoyn7/y+MzQMNNg==",
      "cpu": [
        "x64"
      ],
      "license": "BSD-3-Clause",
      "optional": true,
      "os": [
        "darwin"
      ],
      "engines": {
        "node": ">=20"
      }
    },
    "node_modules/@deepseek-ai/node-addon-system-linux-arm64": {
      "version": "0.1.2",
      "resolved": "https://registry.npmjs.org/@deepseek-ai/node-addon-system-linux-arm64/-/node-addon-system-linux-arm64-0.1.2.tgz",
      "integrity": "sha512-Z/DQtqgEYzjBzb2ocHGjMzx51W7xDILkJKKj89nyErr8gZMNiLs+JNL1uKzJqc3VLZB+vYCPaHGyQ3oX6EzEmA==",
      "cpu": [
        "arm64"
      ],
      "license": "BSD-3-Clause",
      "optional": true,
      "os": [
        "linux"
      ],
      "engines": {
        "node": ">=20"
      }
    },
    "node_modules/@deepseek-ai/node-addon-system-linux-x64": {
      "version": "0.1.2",
      "resolved": "https://registry.npmjs.org/@deepseek-ai/node-addon-system-linux-x64/-/node-addon-system-linux-x64-0.1.2.tgz",
      "integrity": "sha512-S2aPVHvYCpNCppCFyNlooMYuTB7ucK5lvD9oXQQ42v5Z2s5AoaiCdjz9r2l+ED2rI5oS1x0cUZmKjJH2dxV0pg==",
      "cpu": [
        "x64"
      ],
      "license": "BSD-3-Clause",
      "optional": true,
      "os": [
        "linux"
      ],
      "engines": {
        "node": ">=20"
      }
    },
    "node_modules/@deepseek-ai/schemastery": {
      "version": "3.18.4",
      "resolved": "https://registry.npmjs.org/@deepseek-ai/schemastery/-/schemastery-3.18.4.tgz",
      "integrity": "sha512-SSXO6tYuyrIqKVbmOnIq0s+riUywYzouFMcnBluHF9n4KMo2G8HvEzhCYj6pj2617/glOjbJuVInJ9hfONsjkg==",
      "license": "MIT",
      "dependencies": {
        "@deepseek-ai/cosmokit": "~1.8.5",
        "@standard-schema/spec": "^1.1.0"
      }
    },
    "node_modules/@koromix/koffi-darwin-arm64": {
      "version": "3.1.1",
      "resolved": "https://registry.npmjs.org/@koromix/koffi-darwin-arm64/-/koffi-darwin-arm64-3.1.1.tgz",
      "integrity": "sha512-+Dl0zQDh1Wb55AWOn9hp7K30qgkODvrvN+ZNkFOh81Q0oFX/rpJQtocgjAuYk2zFAcajSeVDumkcHMPwnKSXzA==",
      "cpu": [
        "arm64"
      ],
      "license": "MIT",
      "optional": true,
      "os": [
        "darwin"
      ],
      "funding": {
        "url": "https://liberapay.com/Koromix"
      }
    },
    "node_modules/@koromix/koffi-darwin-x64": {
      "version": "3.1.1",
      "resolved": "https://registry.npmjs.org/@koromix/koffi-darwin-x64/-/koffi-darwin-x64-3.1.1.tgz",
      "integrity": "sha512-cDFAKn1qdZBFLrp7dAc9QUDw3l4xAhTJbOdPWWb0LxssVicUdHcRCLZGrDsmPW2tpH6LGNNeLgqRpAoD2Mo8iA==",
      "cpu": [
        "x64"
      ],
      "license": "MIT",
      "optional": true,
      "os": [
        "darwin"
      ],
      "funding": {
        "url": "https://liberapay.com/Koromix"
      }
    },
    "node_modules/@koromix/koffi-freebsd-arm64": {
      "version": "3.1.1",
      "resolved": "https://registry.npmjs.org/@koromix/koffi-freebsd-arm64/-/koffi-freebsd-arm64-3.1.1.tgz",
      "integrity": "sha512-zaP7FJISI/scQW9Wa5QicY3a09WmtKBWSbmC+5nfCqPzwWe7Hx2so74Er7mPsDfCiMMR0Ya+evKbJQDkfyXicg==",
      "cpu": [
        "arm64"
      ],
      "license": "MIT",
      "optional": true,
      "os": [
        "freebsd"
      ],
      "funding": {
        "url": "https://liberapay.com/Koromix"
      }
    },
    "node_modules/@koromix/koffi-freebsd-ia32": {
      "version": "3.1.1",
      "resolved": "https://registry.npmjs.org/@koromix/koffi-freebsd-ia32/-/koffi-freebsd-ia32-3.1.1.tgz",
      "integrity": "sha512-7GejVb688TLM8rbjfc0oezJrATxZc0dn801xWEDJekN2DgmRXu7HquGqWQ6z3NeSq7ZxEggz4T3xtlbCysQapA==",
      "cpu": [
        "ia32"
      ],
      "license": "MIT",
      "optional": true,
      "os": [
        "freebsd"
      ],
      "funding": {
        "url": "https://liberapay.com/Koromix"
      }
    },
    "node_modules/@koromix/koffi-freebsd-x64": {
      "version": "3.1.1",
      "resolved": "https://registry.npmjs.org/@koromix/koffi-freebsd-x64/-/koffi-freebsd-x64-3.1.1.tgz",
      "integrity": "sha512-XLiCFP9OFCyOoGTjAimtDKLhzhfo34WcP1ShVWxRzNCWDGjfz8BYjwd69cp/cDSUXZbxamqs4+/6vmkePq9wxA==",
      "cpu": [
        "x64"
      ],
      "license": "MIT",
      "optional": true,
      "os": [
        "freebsd"
      ],
      "funding": {
        "url": "https://liberapay.com/Koromix"
      }
    },
    "node_modules/@koromix/koffi-linux-arm64": {
      "version": "3.1.1",
      "resolved": "https://registry.npmjs.org/@koromix/koffi-linux-arm64/-/koffi-linux-arm64-3.1.1.tgz",
      "integrity": "sha512-HA9xINK7G4dRAkpfnBWD9VfuyIBgW1SuK+KPHjksUwRMOnhgqP8J/JqgrAzdzcDiefGBkqEacIP776OUwz7knQ==",
      "cpu": [
        "arm64"
      ],
      "license": "MIT",
      "optional": true,
      "os": [
        "linux"
      ],
      "funding": {
        "url": "https://liberapay.com/Koromix"
      }
    },
    "node_modules/@koromix/koffi-linux-ia32": {
      "version": "3.1.1",
      "resolved": "https://registry.npmjs.org/@koromix/koffi-linux-ia32/-/koffi-linux-ia32-3.1.1.tgz",
      "integrity": "sha512-jG7IFytmP8K5Qtbx0ro0ZeuX3JjSsLxmYhq+nmXDdrtOAlxIsWGynuiDLS6Jk3vOchVii2m6Y2f/L3GLG2fG5A==",
      "cpu": [
        "ia32"
      ],
      "license": "MIT",
      "optional": true,
      "os": [
        "linux"
      ],
      "funding": {
        "url": "https://liberapay.com/Koromix"
      }
    },
    "node_modules/@koromix/koffi-linux-loong64": {
      "version": "3.1.1",
      "resolved": "https://registry.npmjs.org/@koromix/koffi-linux-loong64/-/koffi-linux-loong64-3.1.1.tgz",
      "integrity": "sha512-CIsT1cNnih8FuU52Me/IVlJBpH28SQfoDeYPctJswgJzaARktusF7m4MUbtR1PBDjuquCVM4/vFyNdOzfPonvA==",
      "cpu": [
        "loong64"
      ],
      "license": "MIT",
      "optional": true,
      "os": [
        "linux"
      ],
      "funding": {
        "url": "https://liberapay.com/Koromix"
      }
    },
    "node_modules/@koromix/koffi-linux-riscv64": {
      "version": "3.1.1",
      "resolved": "https://registry.npmjs.org/@koromix/koffi-linux-riscv64/-/koffi-linux-riscv64-3.1.1.tgz",
      "integrity": "sha512-9D6RmqeKsSvs3U6jILJU9PcAjMwKKyn7yLxNBb5k6z9PCoUoGJ3/BrhXAX0qjrLLwEiIpP/hS/40RuXvH8Lc3Q==",
      "cpu": [
        "riscv64"
      ],
      "license": "MIT",
      "optional": true,
      "os": [
        "linux"
      ],
      "funding": {
        "url": "https://liberapay.com/Koromix"
      }
    },
    "node_modules/@koromix/koffi-linux-x64": {
      "version": "3.1.1",
      "resolved": "https://registry.npmjs.org/@koromix/koffi-linux-x64/-/koffi-linux-x64-3.1.1.tgz",
      "integrity": "sha512-pyTcX5fePeYbt7TZAwRby69wdlRx3PT+g15ra5IYdat/Pgh3qAKEYeZ+uu7WpPGOy43p/oSRqqZoa2kORzozlA==",
      "cpu": [
        "x64"
      ],
      "license": "MIT",
      "optional": true,
      "os": [
        "linux"
      ],
      "funding": {
        "url": "https://liberapay.com/Koromix"
      }
    },
    "node_modules/@koromix/koffi-openbsd-ia32": {
      "version": "3.1.1",
      "resolved": "https://registry.npmjs.org/@koromix/koffi-openbsd-ia32/-/koffi-openbsd-ia32-3.1.1.tgz",
      "integrity": "sha512-iPnPzvG2HOfdzaiG1drdkt86sAqmTPDv9mAf+5gL7mRzkeeQC88EVGboRy7eXwdXn7R+v0ntA3iQxdHrBn6yXw==",
      "cpu": [
        "ia32"
      ],
      "license": "MIT",
      "optional": true,
      "os": [
        "openbsd"
      ],
      "funding": {
        "url": "https://liberapay.com/Koromix"
      }
    },
    "node_modules/@koromix/koffi-openbsd-x64": {
      "version": "3.1.1",
      "resolved": "https://registry.npmjs.org/@koromix/koffi-openbsd-x64/-/koffi-openbsd-x64-3.1.1.tgz",
      "integrity": "sha512-/Xqc3R0SVoMCYjMPZnJ9bULtRo364+dKmnQhfDrI83tSpxUHRw7HRNf12vBeL+hPgKxSBjtMpWfQ/ZIyVyLFag==",
      "cpu": [
        "x64"
      ],
      "license": "MIT",
      "optional": true,
      "os": [
        "openbsd"
      ],
      "funding": {
        "url": "https://liberapay.com/Koromix"
      }
    },
    "node_modules/@koromix/koffi-win32-arm64": {
      "version": "3.1.1",
      "resolved": "https://registry.npmjs.org/@koromix/koffi-win32-arm64/-/koffi-win32-arm64-3.1.1.tgz",
      "integrity": "sha512-JhqHauEwQvdcWUERxrV5HH/DT9W7hY1A1eU6/o8tB+yck+D3kt5elpRDBt9KjpW6h+vHPy3V0sjDvO0CXyabTA==",
      "cpu": [
        "arm64"
      ],
      "license": "MIT",
      "optional": true,
      "os": [
        "win32"
      ],
      "funding": {
        "url": "https://liberapay.com/Koromix"
      }
    },
    "node_modules/@koromix/koffi-win32-ia32": {
      "version": "3.1.1",
      "resolved": "https://registry.npmjs.org/@koromix/koffi-win32-ia32/-/koffi-win32-ia32-3.1.1.tgz",
      "integrity": "sha512-ZRuyYmlGS/rCc966qqs0qREXDW4FRdul7rDF1VgSWHbVmdc196PUgUT+blq/GjZgTwqzeEXtMRgM+cU8krHjvA==",
      "cpu": [
        "ia32"
      ],
      "license": "MIT",
      "optional": true,
      "os": [
        "win32"
      ],
      "funding": {
        "url": "https://liberapay.com/Koromix"
      }
    },
    "node_modules/@koromix/koffi-win32-x64": {
      "version": "3.1.1",
      "resolved": "https://registry.npmjs.org/@koromix/koffi-win32-x64/-/koffi-win32-x64-3.1.1.tgz",
      "integrity": "sha512-KqHPmvj6QILhNyI/To8QSihHsijeVGIYYPBOUnXEpcnH2LuLbargY4Hd6dDeTN3Z90uUUxN+1FWz1UnhVzFOiA==",
      "cpu": [
        "x64"
      ],
      "license": "MIT",
      "optional": true,
      "os": [
        "win32"
      ],
      "funding": {
        "url": "https://liberapay.com/Koromix"
      }
    },
    "node_modules/@modelcontextprotocol/client": {
      "version": "2.0.0",
      "resolved": "https://registry.npmjs.org/@modelcontextprotocol/client/-/client-2.0.0.tgz",
      "integrity": "sha512-8f1OghQ2rjzIOfqgUCP+8GiUWqRs89njoWLNqAe8kWmDePv3s1fZXseej+QXemssEuuOvLLmLO/kqM3IQHtISw==",
      "license": "MIT",
      "dependencies": {
        "@modelcontextprotocol/core": "2.0.0",
        "cross-spawn": "^7.0.5",
        "eventsource": "^3.0.2",
        "eventsource-parser": "^3.0.0",
        "jose": "^6.1.3",
        "pkce-challenge": "^5.0.0",
        "zod": "^4.2.0"
      },
      "engines": {
        "node": ">=20"
      }
    },
    "node_modules/@modelcontextprotocol/core": {
      "version": "2.0.0",
      "resolved": "https://registry.npmjs.org/@modelcontextprotocol/core/-/core-2.0.0.tgz",
      "integrity": "sha512-pJCEwGG7Lfr/+PQp9ZTwKXNeO5wzbfKL7H3MYpCorM4oFBoQrdjnBgEoqG+RjhsvS1FKrDbKux+M1HhlnGWqcA==",
      "license": "MIT",
      "dependencies": {
        "zod": "^4.2.0"
      },
      "engines": {
        "node": ">=20"
      }
    },
    "node_modules/@standard-schema/spec": {
      "version": "1.1.0",
      "resolved": "https://registry.npmjs.org/@standard-schema/spec/-/spec-1.1.0.tgz",
      "integrity": "sha512-l2aFy5jALhniG5HgqrD6jXLi/rUWrKvqN/qJx6yoJsgKhblVd+iqqU4RCXavm/jPityDo5TCvKMnpjKnOriy0w==",
      "license": "MIT"
    },
    "node_modules/cross-spawn": {
      "version": "7.0.6",
      "resolved": "https://registry.npmjs.org/cross-spawn/-/cross-spawn-7.0.6.tgz",
      "integrity": "sha512-uV2QOWP2nWzsy2aMp8aRibhi9dlzF5Hgh5SHaB9OiTGEyDTiJJyx0uy51QXdyWbtAHNua4XJzUKca3OzKUd3vA==",
      "license": "MIT",
      "dependencies": {
        "path-key": "^3.1.0",
        "shebang-command": "^2.0.0",
        "which": "^2.0.1"
      },
      "engines": {
        "node": ">= 8"
      }
    },
    "node_modules/eventsource": {
      "version": "3.0.7",
      "resolved": "https://registry.npmjs.org/eventsource/-/eventsource-3.0.7.tgz",
      "integrity": "sha512-CRT1WTyuQoD771GW56XEZFQ/ZoSfWid1alKGDYMmkt2yl8UXrVR4pspqWNEcqKvVIzg6PAltWjxcSSPrboA4iA==",
      "license": "MIT",
      "dependencies": {
        "eventsource-parser": "^3.0.1"
      },
      "engines": {
        "node": ">=18.0.0"
      }
    },
    "node_modules/eventsource-parser": {
      "version": "3.1.1",
      "resolved": "https://registry.npmjs.org/eventsource-parser/-/eventsource-parser-3.1.1.tgz",
      "integrity": "sha512-EKN1vKAMcZ8MlYMpaNuxN6R9yakzH6uajHcHVTqWJzvu5pWw9DyhbP35HH8MVBQ+dZjAfDxk+A8NiR9KWaXiyQ==",
      "license": "MIT",
      "engines": {
        "node": ">=18.0.0"
      }
    },
    "node_modules/isexe": {
      "version": "2.0.0",
      "resolved": "https://registry.npmjs.org/isexe/-/isexe-2.0.0.tgz",
      "integrity": "sha512-RHxMLp9lnKHGHRng9QFhRCMbYAcVpn69smSGcq3f36xjgVVWThj4qqLbTLlq7Ssj8B+fIQ1EuCEGI2lKsyQeIw==",
      "license": "ISC"
    },
    "node_modules/jose": {
      "version": "6.2.12",
      "resolved": "https://registry.npmjs.org/jose/-/jose-6.2.12.tgz",
      "integrity": "sha512-9NiFmJEex0sy2Dk58j2UGBSHgUs2ypF9eZSu4L6vjOX3Dp96Sw1F3uL+H+D1sx02jZZdzUT0HgvCy59CuvXcWw==",
      "license": "MIT",
      "funding": {
        "url": "https://github.com/sponsors/panva"
      }
    },
    "node_modules/koffi": {
      "version": "3.1.1",
      "resolved": "https://registry.npmjs.org/koffi/-/koffi-3.1.1.tgz",
      "integrity": "sha512-mRX6AMeeKCxSOeOopqAcLAl5jcNvge7NAG8l7rF/8gGJATI0tdHFYjteIdE0mGOtWdsrJOij+PjnP8Q9c1gwgA==",
      "hasInstallScript": true,
      "license": "MIT",
      "funding": {
        "url": "https://liberapay.com/Koromix"
      },
      "optionalDependencies": {
        "@koromix/koffi-darwin-arm64": "3.1.1",
        "@koromix/koffi-darwin-x64": "3.1.1",
        "@koromix/koffi-freebsd-arm64": "3.1.1",
        "@koromix/koffi-freebsd-ia32": "3.1.1",
        "@koromix/koffi-freebsd-x64": "3.1.1",
        "@koromix/koffi-linux-arm64": "3.1.1",
        "@koromix/koffi-linux-ia32": "3.1.1",
        "@koromix/koffi-linux-loong64": "3.1.1",
        "@koromix/koffi-linux-riscv64": "3.1.1",
        "@koromix/koffi-linux-x64": "3.1.1",
        "@koromix/koffi-openbsd-ia32": "3.1.1",
        "@koromix/koffi-openbsd-x64": "3.1.1",
        "@koromix/koffi-win32-arm64": "3.1.1",
        "@koromix/koffi-win32-ia32": "3.1.1",
        "@koromix/koffi-win32-x64": "3.1.1"
      }
    },
    "node_modules/path-key": {
      "version": "3.1.1",
      "resolved": "https://registry.npmjs.org/path-key/-/path-key-3.1.1.tgz",
      "integrity": "sha512-ojmeN0qd+y0jszEtoY48r0Peq5dwMEkIlCOu6Q5f41lfkswXuKtYrhgoTpLnyIcHm24Uhqx+5Tqm2InSwLhE6Q==",
      "license": "MIT",
      "engines": {
        "node": ">=8"
      }
    },
    "node_modules/pkce-challenge": {
      "version": "5.0.1",
      "resolved": "https://registry.npmjs.org/pkce-challenge/-/pkce-challenge-5.0.1.tgz",
      "integrity": "sha512-wQ0b/W4Fr01qtpHlqSqspcj3EhBvimsdh0KlHhH8HRZnMsEa0ea2fTULOXOS9ccQr3om+GcGRk4e+isrZWV8qQ==",
      "license": "MIT",
      "engines": {
        "node": ">=16.20.0"
      }
    },
    "node_modules/shebang-command": {
      "version": "2.0.0",
      "resolved": "https://registry.npmjs.org/shebang-command/-/shebang-command-2.0.0.tgz",
      "integrity": "sha512-kHxr2zZpYtdmrN1qDjrrX/Z1rR1kG8Dx+gkpK1G4eXmvXswmcE1hTWBWYUzlraYw1/yZp6YuDY77YtvbN0dmDA==",
      "license": "MIT",
      "dependencies": {
        "shebang-regex": "^3.0.0"
      },
      "engines": {
        "node": ">=8"
      }
    },
    "node_modules/shebang-regex": {
      "version": "3.0.0",
      "resolved": "https://registry.npmjs.org/shebang-regex/-/shebang-regex-3.0.0.tgz",
      "integrity": "sha512-7++dFhtcx3353uBaq8DDR4NuxBetBzC7ZQOhmTQInHEd6bSrXdiEyzCvG07Z44UYdLShWUyXt5M/yhz8ekcb1A==",
      "license": "MIT",
      "engines": {
        "node": ">=8"
      }
    },
    "node_modules/undici": {
      "version": "8.11.2",
      "resolved": "https://registry.npmjs.org/undici/-/undici-8.11.2.tgz",
      "integrity": "sha512-u4UB2/IrKdU6lFxumHmmo1a3fCQO5tzQllRorfoRS63txhrB7xTpSn1PftwC4qEHkOaqP95fCWW4lJzwErwzhQ==",
      "license": "MIT",
      "peer": true,
      "engines": {
        "node": ">=22.19.0"
      }
    },
    "node_modules/which": {
      "version": "2.0.2",
      "resolved": "https://registry.npmjs.org/which/-/which-2.0.2.tgz",
      "integrity": "sha512-BLI3Tl1TW3Pvl70l3yq3Y64i+awpwXqsGBYWkkqMtnbXgrMD+yj7rhW0kuEDxzJaYXGjEW5ogapKNMEKNMjibA==",
      "license": "ISC",
      "dependencies": {
        "isexe": "^2.0.0"
      },
      "bin": {
        "node-which": "bin/node-which"
      },
      "engines": {
        "node": ">= 8"
      }
    },
    "node_modules/zod": {
      "version": "4.6.5",
      "resolved": "https://registry.npmjs.org/zod/-/zod-4.6.5.tgz",
      "integrity": "sha512-v5l/aFXZQeai4awLbOpSoHecE9UiMrnfx75tEXLjNonXVARxQ5mOeipTjROUchszUNCqnE+hqAMujRsRHsut2Q==",
      "license": "MIT",
      "funding": {
        "url": "https://github.com/sponsors/colinhacks"
      }
    }
  }
}
